
Microsoft Visual Studio Solution File, Format Version 12.00
# Visual Studio Version 17
VisualStudioVersion = 17.5.33502.453
MinimumVisualStudioVersion = 10.0.40219.1
Project("{FAE04EC0-301F-11D3-BF4B-00C04F79EFBC}") = "WpfDecoration", "WpfDecoration\WpfDecoration.csproj", "{65803621-8939-4B98-9E69-04EDF56FA0EC}"
EndProject
Global
	GlobalSection(SolutionConfigurationPlatforms) = preSolution
		Debug|Any CPU = Debug|Any CPU
		Release|Any CPU = Release|Any CPU
	EndGlobalSection
	GlobalSection(ProjectConfigurationPlatforms) = postSolution
		{65803621-8939-4B98-9E69-04EDF56FA0EC}.Debug|Any CPU.ActiveCfg = Debug|Any CPU
		{65803621-8939-4B98-9E69-04EDF56FA0EC}.Debug|Any CPU.Build.0 = Debug|Any CPU
		{65803621-8939-4B98-9E69-04EDF56FA0EC}.Release|Any CPU.ActiveCfg = Release|Any CPU
		{65803621-8939-4B98-9E69-04EDF56FA0EC}.Release|Any CPU.Build.0 = Release|Any CPU
	EndGlobalSection
	GlobalSection(SolutionProperties) = preSolution
		HideSolutionNode = FALSE
	EndGlobalSection
	GlobalSection(ExtensibilityGlobals) = postSolution
		SolutionGuid = {D2EC7BC1-CE23-4F5B-A421-51F6F82A11DE}
	EndGlobalSection
EndGlobal
